
Microsoft Visual Studio Solution File, Format Version 12.00
# Visual Studio Version 16
VisualStudioVersion = 16.0.34407.143
MinimumVisualStudioVersion = 10.0.40219.1
Project("{F184B08F-C81C-45F6-A57F-5ABD9991F28F}") = "Miprograma", "Miprograma.vbproj", "{11C479D4-AFCE-44A4-81C5-5B470D47AE45}"
EndProject
Global
	GlobalSection(SolutionConfigurationPlatforms) = preSolution
		Debug|Any CPU = Debug|Any CPU
		Release|Any CPU = Release|Any CPU
	EndGlobalSection
	GlobalSection(ProjectConfigurationPlatforms) = postSolution
		{11C479D4-AFCE-44A4-81C5-5B470D47AE45}.Debug|Any CPU.ActiveCfg = Debug|Any CPU
		{11C479D4-AFCE-44A4-81C5-5B470D47AE45}.Debug|Any CPU.Build.0 = Debug|Any CPU
		{11C479D4-AFCE-44A4-81C5-5B470D47AE45}.Release|Any CPU.ActiveCfg = Release|Any CPU
		{11C479D4-AFCE-44A4-81C5-5B470D47AE45}.Release|Any CPU.Build.0 = Release|Any CPU
	EndGlobalSection
	GlobalSection(SolutionProperties) = preSolution
		HideSolutionNode = FALSE
	EndGlobalSection
	GlobalSection(ExtensibilityGlobals) = postSolution
		SolutionGuid = {1C9CB574-7784-4BC5-BFF7-598596D2CDED}
	EndGlobalSection
EndGlobal
